// !$*UTF8*$!
{
	archiveVersion = 1;
	classes = {
	};
	objectVersion = 56;
	objects = {

/* Begin PBXBuildFile section */
		AD3A1160297DCC93002D8833 /* AppDelegate.swift in Sources */ = {isa = PBXBuildFile; fileRef = AD3A115F297DCC93002D8833 /* AppDelegate.swift */; };
		AD3A1162297DCC93002D8833 /* SceneDelegate.swift in Sources */ = {isa = PBXBuildFile; fileRef = AD3A1161297DCC93002D8833 /* SceneDelegate.swift */; };
		AD3A1164297DCC93002D8833 /* ViewController.swift in Sources */ = {isa = PBXBuildFile; fileRef = AD3A1163297DCC93002D8833 /* ViewController.swift */; };
		AD3A1167297DCC93002D8833 /* Main.storyboard in Resources */ = {isa = PBXBuildFile; fileRef = AD3A1165297DCC93002D8833 /* Main.storyboard */; };
		AD3A1169297DCC94002D8833 /* Assets.xcassets in Resources */ = {isa = PBXBuildFile; fileRef = AD3A1168297DCC94002D8833 /* Assets.xcassets */; };
		AD3A116C297DCC94002D8833 /* LaunchScreen.storyboard in Resources */ = {isa = PBXBuildFile; fileRef = AD3A116A297DCC94002D8833 /* LaunchScreen.storyboard */; };
		AD3A1177297DD4D2002D8833 /* Story.swift in Sources */ = {isa = PBXBuildFile; fileRef = AD3A1176297DD4D2002D8833 /* Story.swift */; };
		AD3A1179297DD4DF002D8833 /* StoryBrain.swift in Sources */ = {isa = PBXBuildFile; fileRef = AD3A1178297DD4DF002D8833 /* StoryBrain.swift */; };
/* End PBXBuildFile section */

/* Begin PBXFileReference section */
		AD3A115C297DCC93002D8833 /* YourWay.app */ = {isa = PBXFileReference; explicitFileType = wrapper.application; includeInIndex = 0; path = YourWay.app; sourceTree = BUILT_PRODUCTS_DIR; };
		AD3A115F297DCC93002D8833 /* AppDelegate.swift */ = {isa = PBXFileReference; lastKnownFileType = sourcecode.swift; path = AppDelegate.swift; sourceTree = "<group>"; };
		AD3A1161297DCC93002D8833 /* SceneDelegate.swift */ = {isa = PBXFileReference; lastKnownFileType = sourcecode.swift; path = SceneDelegate.swift; sourceTree = "<group>"; };
		AD3A1163297DCC93002D8833 /* ViewController.swift */ = {isa = PBXFileReference; lastKnownFileType = sourcecode.swift; path = ViewController.swift; sourceTree = "<group>"; };
		AD3A1166297DCC93002D8833 /* Base */ = {isa = PBXFileReference; lastKnownFileType = file.storyboard; name = Base; path = Base.lproj/Main.storyboard; sourceTree = "<group>"; };
		AD3A1168297DCC94002D8833 /* Assets.xcassets */ = {isa = PBXFileReference; lastKnownFileType = folder.assetcatalog; path = Assets.xcassets; sourceTree = "<group>"; };
		AD3A116B297DCC94002D8833 /* Base */ = {isa = PBXFileReference; lastKnownFileType = file.storyboard; name = Base; path = Base.lproj/LaunchScreen.storyboard; sourceTree = "<group>"; };
		AD3A116D297DCC94002D8833 /* Info.plist */ = {isa = PBXFileReference; lastKnownFileType = text.plist.xml; path = Info.plist; sourceTree = "<group>"; };
		AD3A1176297DD4D2002D8833 /* Story.swift */ = {isa = PBXFileReference; lastKnownFileType = sourcecode.swift; path = Story.swift; sourceTree = "<group>"; };
		AD3A1178297DD4DF002D8833 /* StoryBrain.swift */ = {isa = PBXFileReference; lastKnownFileType = sourcecode.swift; path = StoryBrain.swift; sourceTree = "<group>"; };
/* End PBXFileReference section */

/* Begin PBXFrameworksBuildPhase section */
		AD3A1159297DCC93002D8833 /* Frameworks */ = {
			isa = PBXFrameworksBuildPhase;
			buildActionMask = 2147483647;
			files = (
			);
			runOnlyForDeploymentPostprocessing = 0;
		};
/* End PBXFrameworksBuildPhase section */

/* Begin PBXGroup section */
		AD3A1153297DCC93002D8833 = {
			isa = PBXGroup;
			children = (
				AD3A115E297DCC93002D8833 /* YourWay */,
				AD3A115D297DCC93002D8833 /* Products */,
			);
			sourceTree = "<group>";
		};
		AD3A115D297DCC93002D8833 /* Products */ = {
			isa = PBXGroup;
			children = (
				AD3A115C297DCC93002D8833 /* YourWay.app */,
			);
			name = Products;
			sourceTree = "<group>";
		};
		AD3A115E297DCC93002D8833 /* YourWay */ = {
			isa = PBXGroup;
			children = (
				AD3A115F297DCC93002D8833 /* AppDelegate.swift */,
				AD3A1161297DCC93002D8833 /* SceneDelegate.swift */,
				AD3A1175297DCD6D002D8833 /* Model */,
				AD3A1173297DCD3A002D8833 /* View */,
				AD3A1174297DCD52002D8833 /* Controller */,
				AD3A1168297DCC94002D8833 /* Assets.xcassets */,
				AD3A116A297DCC94002D8833 /* LaunchScreen.storyboard */,
				AD3A116D297DCC94002D8833 /* Info.plist */,
			);
			path = YourWay;
			sourceTree = "<group>";
		};
		AD3A1173297DCD3A002D8833 /* View */ = {
			isa = PBXGroup;
			children = (
				AD3A1165297DCC93002D8833 /* Main.storyboard */,
			);
			path = View;
			sourceTree = "<group>";
		};
		AD3A1174297DCD52002D8833 /* Controller */ = {
			isa = PBXGroup;
			children = (
				AD3A1163297DCC93002D8833 /* ViewController.swift */,
			);
			path = Controller;
			sourceTree = "<group>";
		};
		AD3A1175297DCD6D002D8833 /* Model */ = {
			isa = PBXGroup;
			children = (
				AD3A1176297DD4D2002D8833 /* Story.swift */,
				AD3A1178297DD4DF002D8833 /* StoryBrain.swift */,
			);
			path = Model;
			sourceTree = "<group>";
		};
/* End PBXGroup section */

/* Begin PBXNativeTarget section */
		AD3A115B297DCC93002D8833 /* YourWay */ = {
			isa = PBXNativeTarget;
			buildConfigurationList = AD3A1170297DCC94002D8833 /* Build configuration list for PBXNativeTarget "YourWay" */;
			buildPhases = (
				AD3A1158297DCC93002D8833 /* Sources */,
				AD3A1159297DCC93002D8833 /* Frameworks */,
				AD3A115A297DCC93002D8833 /* Resources */,
			);
			buildRules = (
			);
			dependencies = (
			);
			name = YourWay;
			productName = YourWay;
			productReference = AD3A115C297DCC93002D8833 /* YourWay.app */;
			productType = "com.apple.product-type.application";
		};
/* End PBXNativeTarget section */

/* Begin PBXProject section */
		AD3A1154297DCC93002D8833 /* Project object */ = {
			isa = PBXProject;
			attributes = {
				BuildIndependentTargetsInParallel = 1;
				LastSwiftUpdateCheck = 1420;
				LastUpgradeCheck = 1420;
				TargetAttributes = {
					AD3A115B297DCC93002D8833 = {
						CreatedOnToolsVersion = 14.2;
					};
				};
			};
			buildConfigurationList = AD3A1157297DCC93002D8833 /* Build configuration list for PBXProject "YourWay" */;
			compatibilityVersion = "Xcode 14.0";
			developmentRegion = en;
			hasScannedForEncodings = 0;
			knownRegions = (
				en,
				Base,
			);
			mainGroup = AD3A1153297DCC93002D8833;
			productRefGroup = AD3A115D297DCC93002D8833 /* Products */;
			projectDirPath = "";
			projectRoot = "";
			targets = (
				AD3A115B297DCC93002D8833 /* YourWay */,
			);
		};
/* End PBXProject section */

/* Begin PBXResourcesBuildPhase section */
		AD3A115A297DCC93002D8833 /* Resources */ = {
			isa = PBXResourcesBuildPhase;
			buildActionMask = 2147483647;
			files = (
				AD3A116C297DCC94002D8833 /* LaunchScreen.storyboard in Resources */,
				AD3A1169297DCC94002D8833 /* Assets.xcassets in Resources */,
				AD3A1167297DCC93002D8833 /* Main.storyboard in Resources */,
			);
			runOnlyForDeploymentPostprocessing = 0;
		};
/* End PBXResourcesBuildPhase section */

/* Begin PBXSourcesBuildPhase section */
		AD3A1158297DCC93002D8833 /* Sources */ = {
			isa = PBXSourcesBuildPhase;
			buildActionMask = 2147483647;
			files = (
				AD3A1179297DD4DF002D8833 /* StoryBrain.swift in Sources */,
				AD3A1164297DCC93002D8833 /* ViewController.swift in Sources */,
				AD3A1160297DCC93002D8833 /* AppDelegate.swift in Sources */,
				AD3A1162297DCC93002D8833 /* SceneDelegate.swift in Sources */,
				AD3A1177297DD4D2002D8833 /* Story.swift in Sources */,
			);
			runOnlyForDeploymentPostprocessing = 0;
		};
/* End PBXSourcesBuildPhase section */

/* Begin PBXVariantGroup section */
		AD3A1165297DCC93002D8833 /* Main.storyboard */ = {
			isa = PBXVariantGroup;
			children = (
				AD3A1166297DCC93002D8833 /* Base */,
			);
			name = Main.storyboard;
			sourceTree = "<group>";
		};
		AD3A116A297DCC94002D8833 /* LaunchScreen.storyboard */ = {
			isa = PBXVariantGroup;
			children = (
				AD3A116B297DCC94002D8833 /* Base */,
			);
			name = LaunchScreen.storyboard;
			sourceTree = "<group>";
		};
/* End PBXVariantGroup section */

/* Begin XCBuildConfiguration section */
		AD3A116E297DCC94002D8833 /* Debug */ = {
			isa = XCBuildConfiguration;
			buildSettings = {
				ALWAYS_SEARCH_USER_PATHS = NO;
				CLANG_ANALYZER_NONNULL = YES;
				CLANG_ANALYZER_NUMBER_OBJECT_CONVERSION = YES_AGGRESSIVE;
				CLANG_CXX_LANGUAGE_STANDARD = "gnu++20";
				CLANG_ENABLE_MODULES = YES;
				CLANG_ENABLE_OBJC_ARC = YES;
				CLANG_ENABLE_OBJC_WEAK = YES;
				CLANG_WARN_BLOCK_CAPTURE_AUTORELEASING = YES;
				CLANG_WARN_BOOL_CONVERSION = YES;
				CLANG_WARN_COMMA = YES;
				CLANG_WARN_CONSTANT_CONVERSION = YES;
				CLANG_WARN_DEPRECATED_OBJC_IMPLEMENTATIONS = YES;
				CLANG_WARN_DIRECT_OBJC_ISA_USAGE = YES_ERROR;
				CLANG_WARN_DOCUMENTATION_COMMENTS = YES;
				CLANG_WARN_EMPTY_BODY = YES;
				CLANG_WARN_ENUM_CONVERSION = YES;
				CLANG_WARN_INFINITE_RECURSION = YES;
				CLANG_WARN_INT_CONVERSION = YES;
				CLANG_WARN_NON_LITERAL_NULL_CONVERSION = YES;
				CLANG_WARN_OBJC_IMPLICIT_RETAIN_SELF = YES;
				CLANG_WARN_OBJC_LITERAL_CONVERSION = YES;
				CLANG_WARN_OBJC_ROOT_CLASS = YES_ERROR;
				CLANG_WARN_QUOTED_INCLUDE_IN_FRAMEWORK_HEADER = YES;
				CLANG_WARN_RANGE_LOOP_ANALYSIS = YES;
				CLANG_WARN_STRICT_PROTOTYPES = YES;
				CLANG_WARN_SUSPICIOUS_MOVE = YES;
				CLANG_WARN_UNGUARDED_AVAILABILITY = YES_AGGRESSIVE;
				CLANG_WARN_UNREACHABLE_CODE = YES;
				CLANG_WARN__DUPLICATE_METHOD_MATCH = YES;
				COPY_PHASE_STRIP = NO;
				DEBUG_INFORMATION_FORMAT = dwarf;
				ENABLE_STRICT_OBJC_MSGSEND = YES;
				ENABLE_TESTABILITY = YES;
				GCC_C_LANGUAGE_STANDARD = gnu11;
				GCC_DYNAMIC_NO_PIC = NO;
				GCC_NO_COMMON_BLOCKS = YES;
				GCC_OPTIMIZATION_LEVEL = 0;
				GCC_PREPROCESSOR_DEFINITIONS = (
					"DEBUG=1",
					"$(inherited)",
				);
				GCC_WARN_64_TO_32_BIT_CONVERSION = YES;
				GCC_WARN_ABOUT_RETURN_TYPE = YES_ERROR;
				GCC_WARN_UNDECLARED_SELECTOR = YES;
				GCC_WARN_UNINITIALIZED_AUTOS = YES_AGGRESSIVE;
				GCC_WARN_UNUSED_FUNCTION = YES;
				GCC_WARN_UNUSED_VARIABLE = YES;
				IPHONEOS_DEPLOYMENT_TARGET = 16.2;
				MTL_ENABLE_DEBUG_INFO = INCLUDE_SOURCE;
				MTL_FAST_MATH = YES;
				ONLY_ACTIVE_ARCH = YES;
				SDKROOT = iphoneos;
				SWIFT_ACTIVE_COMPILATION_CONDITIONS = DEBUG;
				SWIFT_OPTIMIZATION_LEVEL = "-Onone";
			};
			name = Debug;
		};
		AD3A116F297DCC94002D8833 /* Release */ = {
			isa = XCBuildConfiguration;
			buildSettings = {
				ALWAYS_SEARCH_USER_PATHS = NO;
				CLANG_ANALYZER_NONNULL = YES;
				CLANG_ANALYZER_NUMBER_OBJECT_CONVERSION = YES_AGGRESSIVE;
				CLANG_CXX_LANGUAGE_STANDARD = "gnu++20";
				CLANG_ENABLE_MODULES = YES;
				CLANG_ENABLE_OBJC_ARC = YES;
				CLANG_ENABLE_OBJC_WEAK = YES;
				CLANG_WARN_BLOCK_CAPTURE_AUTORELEASING = YES;
				CLANG_WARN_BOOL_CONVERSION = YES;
				CLANG_WARN_COMMA = YES;
				CLANG_WARN_CONSTANT_CONVERSION = YES;
				CLANG_WARN_DEPRECATED_OBJC_IMPLEMENTATIONS = YES;
				CLANG_WARN_DIRECT_OBJC_ISA_USAGE = YES_ERROR;
				CLANG_WARN_DOCUMENTATION_COMMENTS = YES;
				CLANG_WARN_EMPTY_BODY = YES;
				CLANG_WARN_ENUM_CONVERSION = YES;
				CLANG_WARN_INFINITE_RECURSION = YES;
				CLANG_WARN_INT_CONVERSION = YES;
				CLANG_WARN_NON_LITERAL_NULL_CONVERSION = YES;
				CLANG_WARN_OBJC_IMPLICIT_RETAIN_SELF = YES;
				CLANG_WARN_OBJC_LITERAL_CONVERSION = YES;
				CLANG_WARN_OBJC_ROOT_CLASS = YES_ERROR;
				CLANG_WARN_QUOTED_INCLUDE_IN_FRAMEWORK_HEADER = YES;
				CLANG_WARN_RANGE_LOOP_ANALYSIS = YES;
				CLANG_WARN_STRICT_PROTOTYPES = YES;
				CLANG_WARN_SUSPICIOUS_MOVE = YES;
				CLANG_WARN_UNGUARDED_AVAILABILITY = YES_AGGRESSIVE;
				CLANG_WARN_UNREACHABLE_CODE = YES;
				CLANG_WARN__DUPLICATE_METHOD_MATCH = YES;
				COPY_PHASE_STRIP = NO;
				DEBUG_INFORMATION_FORMAT = "dwarf-with-dsym";
				ENABLE_NS_ASSERTIONS = NO;
				ENABLE_STRICT_OBJC_MSGSEND = YES;
				GCC_C_LANGUAGE_STANDARD = gnu11;
				GCC_NO_COMMON_BLOCKS = YES;
				GCC_WARN_64_TO_32_BIT_CONVERSION = YES;
				GCC_WARN_ABOUT_RETURN_TYPE = YES_ERROR;
				GCC_WARN_UNDECLARED_SELECTOR = YES;
				GCC_WARN_UNINITIALIZED_AUTOS = YES_AGGRESSIVE;
				GCC_WARN_UNUSED_FUNCTION = YES;
				GCC_WARN_UNUSED_VARIABLE = YES;
				IPHONEOS_DEPLOYMENT_TARGET = 16.2;
				MTL_ENABLE_DEBUG_INFO = NO;
				MTL_FAST_MATH = YES;
				SDKROOT = iphoneos;
				SWIFT_COMPILATION_MODE = wholemodule;
				SWIFT_OPTIMIZATION_LEVEL = "-O";
				VALIDATE_PRODUCT = YES;
			};
			name = Release;
		};
		AD3A1171297DCC94002D8833 /* Debug */ = {
			isa = XCBuildConfiguration;
			buildSettings = {
				ASSETCATALOG_COMPILER_APPICON_NAME = AppIcon;
				ASSETCATALOG_COMPILER_GLOBAL_ACCENT_COLOR_NAME = AccentColor;
				CODE_SIGN_STYLE = Automatic;
				CURRENT_PROJECT_VERSION = 1;
				DEVELOPMENT_TEAM = 88RF896UZ2;
				GENERATE_INFOPLIST_FILE = YES;
				INFOPLIST_FILE = YourWay/Info.plist;
				INFOPLIST_KEY_UIApplicationSupportsIndirectInputEvents = YES;
				INFOPLIST_KEY_UILaunchStoryboardName = LaunchScreen;
				INFOPLIST_KEY_UIMainStoryboardFile = Main;
				INFOPLIST_KEY_UISupportedInterfaceOrientations_iPad = "UIInterfaceOrientationPortrait UIInterfaceOrientationPortraitUpsideDown UIInterfaceOrientationLandscapeLeft UIInterfaceOrientationLandscapeRight";
				INFOPLIST_KEY_UISupportedInterfaceOrientations_iPhone = "UIInterfaceOrientationPortrait UIInterfaceOrientationLandscapeLeft UIInterfaceOrientationLandscapeRight";
				LD_RUNPATH_SEARCH_PATHS = (
					"$(inherited)",
					"@executable_path/Frameworks",
				);
				MARKETING_VERSION = 1.0;
				PRODUCT_BUNDLE_IDENTIFIER = com.cathnech.YourWay;
				PRODUCT_NAME = "$(TARGET_NAME)";
				SWIFT_EMIT_LOC_STRINGS = YES;
				SWIFT_VERSION = 5.0;
				TARGETED_DEVICE_FAMILY = "1,2";
			};
			name = Debug;
		};
		AD3A1172297DCC94002D8833 /* Release */ = {
			isa = XCBuildConfiguration;
			buildSettings = {
				ASSETCATALOG_COMPILER_APPICON_NAME = AppIcon;
				ASSETCATALOG_COMPILER_GLOBAL_ACCENT_COLOR_NAME = AccentColor;
				CODE_SIGN_STYLE = Automatic;
				CURRENT_PROJECT_VERSION = 1;
				DEVELOPMENT_TEAM = 88RF896UZ2;
				GENERATE_INFOPLIST_FILE = YES;
				INFOPLIST_FILE = YourWay/Info.plist;
				INFOPLIST_KEY_UIApplicationSupportsIndirectInputEvents = YES;
				INFOPLIST_KEY_UILaunchStoryboardName = LaunchScreen;
				INFOPLIST_KEY_UIMainStoryboardFile = Main;
				INFOPLIST_KEY_UISupportedInterfaceOrientations_iPad = "UIInterfaceOrientationPortrait UIInterfaceOrientationPortraitUpsideDown UIInterfaceOrientationLandscapeLeft UIInterfaceOrientationLandscapeRight";
				INFOPLIST_KEY_UISupportedInterfaceOrientations_iPhone = "UIInterfaceOrientationPortrait UIInterfaceOrientationLandscapeLeft UIInterfaceOrientationLandscapeRight";
				LD_RUNPATH_SEARCH_PATHS = (
					"$(inherited)",
					"@executable_path/Frameworks",
				);
				MARKETING_VERSION = 1.0;
				PRODUCT_BUNDLE_IDENTIFIER = com.cathnech.YourWay;
				PRODUCT_NAME = "$(TARGET_NAME)";
				SWIFT_EMIT_LOC_STRINGS = YES;
				SWIFT_VERSION = 5.0;
				TARGETED_DEVICE_FAMILY = "1,2";
			};
			name = Release;
		};
/* End XCBuildConfiguration section */

/* Begin XCConfigurationList section */
		AD3A1157297DCC93002D8833 /* Build configuration list for PBXProject "YourWay" */ = {
			isa = XCConfigurationList;
			buildConfigurations = (
				AD3A116E297DCC94002D8833 /* Debug */,
				AD3A116F297DCC94002D8833 /* Release */,
			);
			defaultConfigurationIsVisible = 0;
			defaultConfigurationName = Release;
		};
		AD3A1170297DCC94002D8833 /* Build configuration list for PBXNativeTarget "YourWay" */ = {
			isa = XCConfigurationList;
			buildConfigurations = (
				AD3A1171297DCC94002D8833 /* Debug */,
				AD3A1172297DCC94002D8833 /* Release */,
			);
			defaultConfigurationIsVisible = 0;
			defaultConfigurationName = Release;
		};
/* End XCConfigurationList section */
	};
	rootObject = AD3A1154297DCC93002D8833 /* Project object */;
}
